{
    "_readme": [
        "This file locks the dependencies of your project to a known state",
        "Read more about it at https://getcomposer.org/doc/01-basic-usage.md#installing-dependencies",
        "This file is @generated automatically"
    ],
    "content-hash": "0764c53b72031721bb9cf962e660b360",
    "packages": [],
    "packages-dev": [
        {
            "name": "jangregor/phpstan-prophecy",
            "version": "0.8.0",
            "source": {
                "type": "git",
                "url": "https://github.com/Jan0707/phpstan-prophecy.git",
                "reference": "d599ec96dce8087ba4f32d7d9f9cb4565239e3db"
            },
            "dist": {
                "type": "zip",
                "url": "https://api.github.com/repos/Jan0707/phpstan-prophecy/zipball/d599ec96dce8087ba4f32d7d9f9cb4565239e3db",
                "reference": "d599ec96dce8087ba4f32d7d9f9cb4565239e3db",
                "shasum": ""
            },
            "require": {
                "php": "^7.1",
                "phpstan/phpstan": "^0.12.6"
            },
            "conflict": {
                "phpspec/prophecy": "<1.7.0,>=2.0.0",
                "phpunit/phpunit": "<6.0.0,>=10.0.0"
            },
            "require-dev": {
                "ergebnis/composer-normalize": "^2.1.1",
                "ergebnis/license": "^1.0.0",
                "ergebnis/php-cs-fixer-config": "~1.1.2",
                "phpspec/prophecy": "^1.7.0",
                "phpunit/phpunit": "^6.0.0 || ^7.0.0 || ^8.0.0 || ^9.0.0"
            },
            "type": "phpstan-extension",
            "extra": {
                "phpstan": {
                    "includes": [
                        "extension.neon"
                    ]
                },
                "violinist": {
                    "allow_updates_beyond_constraint": 0,
                    "one_pull_request_per_package": 1,
                    "update_with_dependencies": 1
                }
            },
            "autoload": {
                "psr-4": {
                    "JanGregor\\Prophecy\\": "src/"
                }
            },
            "notification-url": "https://packagist.org/downloads/",
            "license": [
                "MIT"
            ],
            "authors": [
                {
                    "name": "Jan Gregor Emge-Triebel",
                    "email": "jan@jangregor.me"
                }
            ],
            "description": "Provides a phpstan/phpstan extension for phpspec/prophecy",
            "funding": [
                {
                    "url": "https://www.buymeacoffee.com/localheinz",
                    "type": "custom"
                },
                {
                    "url": "https://github.com/localheinz",
                    "type": "github"
                }
            ],
            "time": "2020-05-12T08:04:04+00:00"
        },
        {
            "name": "phpstan/phpstan",
            "version": "0.12.25",
            "source": {
                "type": "git",
                "url": "https://github.com/phpstan/phpstan.git",
                "reference": "9619551d68b2d4c0d681a8df73f3c847c798ee64"
            },
            "dist": {
                "type": "zip",
                "url": "https://api.github.com/repos/phpstan/phpstan/zipball/9619551d68b2d4c0d681a8df73f3c847c798ee64",
                "reference": "9619551d68b2d4c0d681a8df73f3c847c798ee64",
                "shasum": ""
            },
            "require": {
                "php": "^7.1"
            },
            "conflict": {
                "phpstan/phpstan-shim": "*"
            },
            "bin": [
                "phpstan",
                "phpstan.phar"
            ],
            "type": "library",
            "extra": {
                "branch-alias": {
                    "dev-master": "0.12-dev"
                }
            },
            "autoload": {
                "files": [
                    "bootstrap.php"
                ]
            },
            "notification-url": "https://packagist.org/downloads/",
            "license": [
                "MIT"
            ],
            "description": "PHPStan - PHP Static Analysis Tool",
            "funding": [
                {
                    "url": "https://github.com/ondrejmirtes",
                    "type": "github"
                },
                {
                    "url": "https://www.patreon.com/phpstan",
                    "type": "patreon"
                },
                {
                    "url": "https://tidelift.com/funding/github/packagist/phpstan/phpstan",
                    "type": "tidelift"
                }
            ],
            "time": "2020-05-10T20:36:16+00:00"
        },
        {
            "name": "phpstan/phpstan-phpunit",
            "version": "0.12.11",
            "source": {
                "type": "git",
                "url": "https://github.com/phpstan/phpstan-phpunit.git",
                "reference": "ab783a8ea634ea23305a8818c4750603e714489b"
            },
            "dist": {
                "type": "zip",
                "url": "https://api.github.com/repos/phpstan/phpstan-phpunit/zipball/ab783a8ea634ea23305a8818c4750603e714489b",
                "reference": "ab783a8ea634ea23305a8818c4750603e714489b",
                "shasum": ""
            },
            "require": {
                "php": "~7.1",
                "phpstan/phpstan": "^0.12.20"
            },
            "conflict": {
                "phpunit/phpunit": "<7.0"
            },
            "require-dev": {
                "consistence/coding-standard": "^3.5",
                "dealerdirect/phpcodesniffer-composer-installer": "^0.4.4",
                "ergebnis/composer-normalize": "^2.0.2",
                "jakub-onderka/php-parallel-lint": "^1.0",
                "phing/phing": "^2.16.0",
                "phpstan/phpstan-strict-rules": "^0.12",
                "phpunit/phpunit": "^7.0 || ^8.0 || ^9.0",
                "satooshi/php-coveralls": "^1.0",
                "slevomat/coding-standard": "^4.7.2"
            },
            "type": "phpstan-extension",
            "extra": {
                "branch-alias": {
                    "dev-master": "0.12-dev"
                },
                "phpstan": {
                    "includes": [
                        "extension.neon",
                        "rules.neon"
                    ]
                }
            },
            "autoload": {
                "psr-4": {
                    "PHPStan\\": "src/"
                }
            },
            "notification-url": "https://packagist.org/downloads/",
            "license": [
                "MIT"
            ],
            "description": "PHPUnit extensions and rules for PHPStan",
            "time": "2020-06-01T16:43:31+00:00"
        },
        {
            "name": "phpstan/phpstan-symfony",
            "version": "0.12.6",
            "source": {
                "type": "git",
                "url": "https://github.com/phpstan/phpstan-symfony.git",
                "reference": "ba69dcd8e57c1a8580bf190e0554bea0fc37fe2f"
            },
            "dist": {
                "type": "zip",
                "url": "https://api.github.com/repos/phpstan/phpstan-symfony/zipball/ba69dcd8e57c1a8580bf190e0554bea0fc37fe2f",
                "reference": "ba69dcd8e57c1a8580bf190e0554bea0fc37fe2f",
                "shasum": ""
            },
            "require": {
                "ext-simplexml": "*",
                "php": "^7.1",
                "phpstan/phpstan": "^0.12"
            },
            "conflict": {
                "symfony/framework-bundle": "<3.0"
            },
            "require-dev": {
                "consistence/coding-standard": "^3.0.1",
                "dealerdirect/phpcodesniffer-composer-installer": "^0.4.4",
                "ergebnis/composer-normalize": "^2.0.2",
                "jakub-onderka/php-parallel-lint": "^1.0",
                "phing/phing": "^2.16.0",
                "phpstan/phpstan-phpunit": "^0.12",
                "phpstan/phpstan-strict-rules": "^0.12",
                "phpunit/phpunit": "^7.0",
                "slevomat/coding-standard": "^4.5.2",
                "squizlabs/php_codesniffer": "^3.3.2",
                "symfony/console": "^4.0",
                "symfony/framework-bundle": "^4.0",
                "symfony/http-foundation": "^4.0",
                "symfony/messenger": "^4.2",
                "symfony/serializer": "^4.0"
            },
            "type": "phpstan-extension",
            "extra": {
                "branch-alias": {
                    "dev-master": "0.12-dev"
                },
                "phpstan": {
                    "includes": [
                        "extension.neon",
                        "rules.neon"
                    ]
                }
            },
            "autoload": {
                "psr-4": {
                    "PHPStan\\": "src/"
                }
            },
            "notification-url": "https://packagist.org/downloads/",
            "license": [
                "MIT"
            ],
            "authors": [
                {
                    "name": "Lukáš Unger",
                    "email": "looky.msc@gmail.com",
                    "homepage": "https://lookyman.net"
                }
            ],
            "description": "Symfony Framework extensions and rules for PHPStan",
            "time": "2020-04-15T20:26:41+00:00"
        }
    ],
    "aliases": [],
    "minimum-stability": "stable",
    "stability-flags": [],
    "prefer-stable": false,
    "prefer-lowest": false,
    "platform": [],
    "platform-dev": [],
    "plugin-api-version": "1.1.0"
}
